Microsoft Visual Studio Solution File, Format Version 12.00
# Visual Studio Version 17
VisualStudioVersion = 17.0.31903.59
MinimumVisualStudioVersion = 10.0.40219.1
Project("{FAE04EC0-301F-11D3-BF4B-00C04F79EFBC}") = "SampleConsoleApp", "src\SampleConsoleApp\SampleConsoleApp.csproj", "{7A2B0524-7F5A-4D5C-9A22-584A9E6AA20B}"
EndProject
Project("{FAE04EC0-301F-11D3-BF4B-00C04F79EFBC}") = "SampleConsoleApp.Tests", "tests\SampleConsoleApp.Tests\SampleConsoleApp.Tests.csproj", "{AA1B84A3-FA41-44CE-B4C9-A20A82390314}"
EndProject
Global
 GlobalSection(SolutionConfigurationPlatforms) = preSolution
  Debug|Any CPU = Debug|Any CPU
  Release|Any CPU = Release|Any CPU
 EndGlobalSection
 GlobalSection(ProjectConfigurationPlatforms) = postSolution
  {7A2B0524-7F5A-4D5C-9A22-584A9E6AA20B}.Debug|Any CPU.ActiveCfg = Debug|Any CPU
  {7A2B0524-7F5A-4D5C-9A22-584A9E6AA20B}.Debug|Any CPU.Build.0 = Debug|Any CPU
  {7A2B0524-7F5A-4D5C-9A22-584A9E6AA20B}.Release|Any CPU.ActiveCfg = Release|Any CPU
  {7A2B0524-7F5A-4D5C-9A22-584A9E6AA20B}.Release|Any CPU.Build.0 = Release|Any CPU
 EndGlobalSection
EndGlobal
